
Microsoft Visual Studio Solution File, Format Version 12.00
# Visual Studio 15
VisualStudioVersion = 15.0.28010.2016
MinimumVisualStudioVersion = 10.0.40219.1
Project("{FAE04EC0-301F-11D3-BF4B-00C04F79EFBC}") = "GPURepair.Instrumentation", "GPURepair.Instrumentation\GPURepair.Instrumentation.csproj", "{68B7803F-B377-4EB2-8A1A-C4A53D2575BD}"
EndProject
Global
	GlobalSection(SolutionConfigurationPlatforms) = preSolution
		Debug|Any CPU = Debug|Any CPU
		Release|Any CPU = Release|Any CPU
	EndGlobalSection
	GlobalSection(ProjectConfigurationPlatforms) = postSolution
		{68B7803F-B377-4EB2-8A1A-C4A53D2575BD}.Debug|Any CPU.ActiveCfg = Debug|Any CPU
		{68B7803F-B377-4EB2-8A1A-C4A53D2575BD}.Debug|Any CPU.Build.0 = Debug|Any CPU
		{68B7803F-B377-4EB2-8A1A-C4A53D2575BD}.Release|Any CPU.ActiveCfg = Release|Any CPU
		{68B7803F-B377-4EB2-8A1A-C4A53D2575BD}.Release|Any CPU.Build.0 = Release|Any CPU
	EndGlobalSection
	GlobalSection(SolutionProperties) = preSolution
		HideSolutionNode = FALSE
	EndGlobalSection
	GlobalSection(ExtensibilityGlobals) = postSolution
		SolutionGuid = {9F69DE75-5927-4286-9E95-9F24E90C9AB4}
	EndGlobalSection
EndGlobal
